
Microsoft Visual Studio Solution File, Format Version 12.00
# Visual Studio Version 16
VisualStudioVersion = 16.0.29613.14
MinimumVisualStudioVersion = 10.0.40219.1
Project("{888888A0-9F3D-457C-B088-3A5042F75D52}") = "Server-Client-python", "Server-Client-python.pyproj", "{77FD5706-A513-4003-928C-4BB06072CBFE}"
EndProject
Global
	GlobalSection(SolutionConfigurationPlatforms) = preSolution
		Debug|Any CPU = Debug|Any CPU
		Release|Any CPU = Release|Any CPU
	EndGlobalSection
	GlobalSection(ProjectConfigurationPlatforms) = postSolution
		{77FD5706-A513-4003-928C-4BB06072CBFE}.Debug|Any CPU.ActiveCfg = Debug|Any CPU
		{77FD5706-A513-4003-928C-4BB06072CBFE}.Release|Any CPU.ActiveCfg = Release|Any CPU
	EndGlobalSection
	GlobalSection(SolutionProperties) = preSolution
		HideSolutionNode = FALSE
	EndGlobalSection
	GlobalSection(ExtensibilityGlobals) = postSolution
		SolutionGuid = {3E75C2D5-4B6D-472B-B571-E0FCD6088949}
	EndGlobalSection
EndGlobal
