
Microsoft Visual Studio Solution File, Format Version 12.00
# Visual Studio Version 16
VisualStudioVersion = 16.0.29613.14
MinimumVisualStudioVersion = 10.0.40219.1
Project("{9A19103F-16F7-4668-BE54-9A1E7A4F7556}") = "Client-cs", "..\Client\Client-cs.csproj", "{26743D19-99C8-488F-9E65-9B9FF2B94BE5}"
EndProject
Global
	GlobalSection(SolutionConfigurationPlatforms) = preSolution
		Debug|Any CPU = Debug|Any CPU
		Release|Any CPU = Release|Any CPU
	EndGlobalSection
	GlobalSection(ProjectConfigurationPlatforms) = postSolution
		{26743D19-99C8-488F-9E65-9B9FF2B94BE5}.Debug|Any CPU.ActiveCfg = Debug|Any CPU
		{26743D19-99C8-488F-9E65-9B9FF2B94BE5}.Debug|Any CPU.Build.0 = Debug|Any CPU
		{26743D19-99C8-488F-9E65-9B9FF2B94BE5}.Release|Any CPU.ActiveCfg = Release|Any CPU
		{26743D19-99C8-488F-9E65-9B9FF2B94BE5}.Release|Any CPU.Build.0 = Release|Any CPU
	EndGlobalSection
	GlobalSection(SolutionProperties) = preSolution
		HideSolutionNode = FALSE
	EndGlobalSection
	GlobalSection(ExtensibilityGlobals) = postSolution
		SolutionGuid = {3E75C2D5-4B6D-472B-B571-E0FCD6088949}
	EndGlobalSection
EndGlobal
